
Microsoft Visual Studio Solution File, Format Version 12.00
# Visual Studio 14
VisualStudioVersion = 14.0.25420.1
MinimumVisualStudioVersion = 10.0.40219.1
Project("{FAE04EC0-301F-11D3-BF4B-00C04F79EFBC}") = "Project", "Project\Project.csproj", "{BC3E21BA-214C-4939-9007-2C228F2ECD17}"
EndProject
Project("{FAE04EC0-301F-11D3-BF4B-00C04F79EFBC}") = "DAL", "DAL\DAL.csproj", "{09099FA7-4315-4E12-A7B9-D3F3A9797F5F}"
EndProject
Project("{FAE04EC0-301F-11D3-BF4B-00C04F79EFBC}") = "BL", "BL\BL.csproj", "{B400B4CD-1EA7-4A50-8E4C-64A102C5EFEF}"
EndProject
Project("{FAE04EC0-301F-11D3-BF4B-00C04F79EFBC}") = "BL.Tests", "BL.Tests\BL.Tests.csproj", "{132D3F0B-404C-45AC-84AF-2CD6A7B91CCC}"
EndProject
Global
	GlobalSection(SolutionConfigurationPlatforms) = preSolution
		Debug|Any CPU = Debug|Any CPU
		Release|Any CPU = Release|Any CPU
	EndGlobalSection
	GlobalSection(ProjectConfigurationPlatforms) = postSolution
		{BC3E21BA-214C-4939-9007-2C228F2ECD17}.Debug|Any CPU.ActiveCfg = Debug|Any CPU
		{BC3E21BA-214C-4939-9007-2C228F2ECD17}.Debug|Any CPU.Build.0 = Debug|Any CPU
		{BC3E21BA-214C-4939-9007-2C228F2ECD17}.Release|Any CPU.ActiveCfg = Release|Any CPU
		{BC3E21BA-214C-4939-9007-2C228F2ECD17}.Release|Any CPU.Build.0 = Release|Any CPU
		{09099FA7-4315-4E12-A7B9-D3F3A9797F5F}.Debug|Any CPU.ActiveCfg = Debug|Any CPU
		{09099FA7-4315-4E12-A7B9-D3F3A9797F5F}.Debug|Any CPU.Build.0 = Debug|Any CPU
		{09099FA7-4315-4E12-A7B9-D3F3A9797F5F}.Release|Any CPU.ActiveCfg = Release|Any CPU
		{09099FA7-4315-4E12-A7B9-D3F3A9797F5F}.Release|Any CPU.Build.0 = Release|Any CPU
		{B400B4CD-1EA7-4A50-8E4C-64A102C5EFEF}.Debug|Any CPU.ActiveCfg = Debug|Any CPU
		{B400B4CD-1EA7-4A50-8E4C-64A102C5EFEF}.Debug|Any CPU.Build.0 = Debug|Any CPU
		{B400B4CD-1EA7-4A50-8E4C-64A102C5EFEF}.Release|Any CPU.ActiveCfg = Release|Any CPU
		{B400B4CD-1EA7-4A50-8E4C-64A102C5EFEF}.Release|Any CPU.Build.0 = Release|Any CPU
		{132D3F0B-404C-45AC-84AF-2CD6A7B91CCC}.Debug|Any CPU.ActiveCfg = Debug|Any CPU
		{132D3F0B-404C-45AC-84AF-2CD6A7B91CCC}.Debug|Any CPU.Build.0 = Debug|Any CPU
		{132D3F0B-404C-45AC-84AF-2CD6A7B91CCC}.Release|Any CPU.ActiveCfg = Release|Any CPU
		{132D3F0B-404C-45AC-84AF-2CD6A7B91CCC}.Release|Any CPU.Build.0 = Release|Any CPU
	EndGlobalSection
	GlobalSection(SolutionProperties) = preSolution
		HideSolutionNode = FALSE
	EndGlobalSection
EndGlobal
